
Microsoft Visual Studio Solution File, Format Version 12.00
# Visual Studio Version 17
VisualStudioVersion = 17.12.35209.166
MinimumVisualStudioVersion = 10.0.40219.1
Project("{FAE04EC0-301F-11D3-BF4B-00C04F79EFBC}") = "StudentEnrollmentSystemMVC", "StudentEnrollmentSystemMVC\StudentEnrollmentSystemMVC.csproj", "{AAAB453A-43A6-4414-97E7-6B3C139FEF71}"
EndProject
Global
	GlobalSection(SolutionConfigurationPlatforms) = preSolution
		Debug|Any CPU = Debug|Any CPU
		Release|Any CPU = Release|Any CPU
	EndGlobalSection
	GlobalSection(ProjectConfigurationPlatforms) = postSolution
		{AAAB453A-43A6-4414-97E7-6B3C139FEF71}.Debug|Any CPU.ActiveCfg = Debug|Any CPU
		{AAAB453A-43A6-4414-97E7-6B3C139FEF71}.Debug|Any CPU.Build.0 = Debug|Any CPU
		{AAAB453A-43A6-4414-97E7-6B3C139FEF71}.Release|Any CPU.ActiveCfg = Release|Any CPU
		{AAAB453A-43A6-4414-97E7-6B3C139FEF71}.Release|Any CPU.Build.0 = Release|Any CPU
	EndGlobalSection
	GlobalSection(SolutionProperties) = preSolution
		HideSolutionNode = FALSE
	EndGlobalSection
	GlobalSection(ExtensibilityGlobals) = postSolution
		SolutionGuid = {A6D50AD1-65B6-46C5-A9C4-A227248D0928}
	EndGlobalSection
EndGlobal
